
Microsoft Visual Studio Solution File, Format Version 12.00
# Visual Studio Version 16
VisualStudioVersion = 16.0.31129.286
MinimumVisualStudioVersion = 10.0.40219.1
Project("{8BC9CEB8-8B4A-11D0-8D11-00A0C91BC942}") = "Lesson1_Learning", "Lesson1_Learning\Lesson1_Learning.vcxproj", "{D0F6FA19-998B-41D5-8062-2C4C0AF4F705}"
EndProject
Project("{8BC9CEB8-8B4A-11D0-8D11-00A0C91BC942}") = "Lesson2", "Lesson2\Lesson2.vcxproj", "{6D6B0541-CCB9-4EED-A9C7-5DB95687F4A9}"
EndProject
Project("{8BC9CEB8-8B4A-11D0-8D11-00A0C91BC942}") = "Lesson3_Vectors_", "Lesson3_Vectors_\Lesson3_Vectors_.vcxproj", "{FF670339-DDE9-49E3-AA1A-5EC6480D3929}"
EndProject
Project("{8BC9CEB8-8B4A-11D0-8D11-00A0C91BC942}") = "Strings", "Strings\Strings.vcxproj", "{3DD1FCB5-ED82-4F24-BD12-9C6FCF1E5F0D}"
EndProject
Project("{8BC9CEB8-8B4A-11D0-8D11-00A0C91BC942}") = "Strings,Vector,DynamicArray", "Strings,Vector,DynamicArray\Strings,Vector,DynamicArray.vcxproj", "{C5DB7862-6B60-4F69-B1D2-B736AA47FB2B}"
EndProject
Project("{8BC9CEB8-8B4A-11D0-8D11-00A0C91BC942}") = "OOP_Lesson2", "OOP_Lesson2\OOP_Lesson2.vcxproj", "{7969B5F8-A570-4594-AF33-155C5CBC0B7E}"
EndProject
Project("{8BC9CEB8-8B4A-11D0-8D11-00A0C91BC942}") = "Lesson2OOP", "Lesson2OOP\Lesson2OOP.vcxproj", "{3542EC04-9B3E-4828-A29E-7F465CB48F61}"
EndProject
Project("{8BC9CEB8-8B4A-11D0-8D11-00A0C91BC942}") = "Overload functions,  Template", "Overload functions,  Template\Overload functions,  Template.vcxproj", "{EC5A581D-561C-4E55-B6D2-95EF075DF320}"
EndProject
Project("{8BC9CEB8-8B4A-11D0-8D11-00A0C91BC942}") = "StructsRepeat", "StructsRepeat\StructsRepeat.vcxproj", "{8790157E-9FD0-48AA-96F0-BED814494B5A}"
EndProject
Project("{8BC9CEB8-8B4A-11D0-8D11-00A0C91BC942}") = "Class_OOP_23.05", "Class_OOP_23.05\Class_OOP_23.05.vcxproj", "{AA56FA9F-77F1-4448-84F5-5C1331FADBE3}"
EndProject
Project("{8BC9CEB8-8B4A-11D0-8D11-00A0C91BC942}") = "LessonOOP_StaticMembers", "LessonOOP_StaticMembers\LessonOOP_StaticMembers.vcxproj", "{40E79F4E-98AF-4EE4-A603-7B82DBF6E7EC}"
EndProject
Project("{8BC9CEB8-8B4A-11D0-8D11-00A0C91BC942}") = "OOP_Getters_Setters", "OOP_Getters_Setters\OOP_Getters_Setters.vcxproj", "{E752816F-8A43-4CB1-9405-DDCB334BF4DE}"
EndProject
Global
	GlobalSection(SolutionConfigurationPlatforms) = preSolution
		Debug|Any CPU = Debug|Any CPU
		Debug|x64 = Debug|x64
		Debug|x86 = Debug|x86
		Release|Any CPU = Release|Any CPU
		Release|x64 = Release|x64
		Release|x86 = Release|x86
	EndGlobalSection
	GlobalSection(ProjectConfigurationPlatforms) = postSolution
		{D0F6FA19-998B-41D5-8062-2C4C0AF4F705}.Debug|Any CPU.ActiveCfg = Debug|Win32
		{D0F6FA19-998B-41D5-8062-2C4C0AF4F705}.Debug|x64.ActiveCfg = Debug|x64
		{D0F6FA19-998B-41D5-8062-2C4C0AF4F705}.Debug|x64.Build.0 = Debug|x64
		{D0F6FA19-998B-41D5-8062-2C4C0AF4F705}.Debug|x86.ActiveCfg = Debug|Win32
		{D0F6FA19-998B-41D5-8062-2C4C0AF4F705}.Debug|x86.Build.0 = Debug|Win32
		{D0F6FA19-998B-41D5-8062-2C4C0AF4F705}.Release|Any CPU.ActiveCfg = Release|Win32
		{D0F6FA19-998B-41D5-8062-2C4C0AF4F705}.Release|x64.ActiveCfg = Release|x64
		{D0F6FA19-998B-41D5-8062-2C4C0AF4F705}.Release|x64.Build.0 = Release|x64
		{D0F6FA19-998B-41D5-8062-2C4C0AF4F705}.Release|x86.ActiveCfg = Release|Win32
		{D0F6FA19-998B-41D5-8062-2C4C0AF4F705}.Release|x86.Build.0 = Release|Win32
		{6D6B0541-CCB9-4EED-A9C7-5DB95687F4A9}.Debug|Any CPU.ActiveCfg = Debug|Win32
		{6D6B0541-CCB9-4EED-A9C7-5DB95687F4A9}.Debug|x64.ActiveCfg = Debug|x64
		{6D6B0541-CCB9-4EED-A9C7-5DB95687F4A9}.Debug|x64.Build.0 = Debug|x64
		{6D6B0541-CCB9-4EED-A9C7-5DB95687F4A9}.Debug|x86.ActiveCfg = Debug|Win32
		{6D6B0541-CCB9-4EED-A9C7-5DB95687F4A9}.Debug|x86.Build.0 = Debug|Win32
		{6D6B0541-CCB9-4EED-A9C7-5DB95687F4A9}.Release|Any CPU.ActiveCfg = Release|Win32
		{6D6B0541-CCB9-4EED-A9C7-5DB95687F4A9}.Release|x64.ActiveCfg = Release|x64
		{6D6B0541-CCB9-4EED-A9C7-5DB95687F4A9}.Release|x64.Build.0 = Release|x64
		{6D6B0541-CCB9-4EED-A9C7-5DB95687F4A9}.Release|x86.ActiveCfg = Release|Win32
		{6D6B0541-CCB9-4EED-A9C7-5DB95687F4A9}.Release|x86.Build.0 = Release|Win32
		{FF670339-DDE9-49E3-AA1A-5EC6480D3929}.Debug|Any CPU.ActiveCfg = Debug|Win32
		{FF670339-DDE9-49E3-AA1A-5EC6480D3929}.Debug|x64.ActiveCfg = Debug|x64
		{FF670339-DDE9-49E3-AA1A-5EC6480D3929}.Debug|x64.Build.0 = Debug|x64
		{FF670339-DDE9-49E3-AA1A-5EC6480D3929}.Debug|x86.ActiveCfg = Debug|Win32
		{FF670339-DDE9-49E3-AA1A-5EC6480D3929}.Debug|x86.Build.0 = Debug|Win32
		{FF670339-DDE9-49E3-AA1A-5EC6480D3929}.Release|Any CPU.ActiveCfg = Release|Win32
		{FF670339-DDE9-49E3-AA1A-5EC6480D3929}.Release|x64.ActiveCfg = Release|x64
		{FF670339-DDE9-49E3-AA1A-5EC6480D3929}.Release|x64.Build.0 = Release|x64
		{FF670339-DDE9-49E3-AA1A-5EC6480D3929}.Release|x86.ActiveCfg = Release|Win32
		{FF670339-DDE9-49E3-AA1A-5EC6480D3929}.Release|x86.Build.0 = Release|Win32
		{3DD1FCB5-ED82-4F24-BD12-9C6FCF1E5F0D}.Debug|Any CPU.ActiveCfg = Debug|Win32
		{3DD1FCB5-ED82-4F24-BD12-9C6FCF1E5F0D}.Debug|x64.ActiveCfg = Debug|x64
		{3DD1FCB5-ED82-4F24-BD12-9C6FCF1E5F0D}.Debug|x64.Build.0 = Debug|x64
		{3DD1FCB5-ED82-4F24-BD12-9C6FCF1E5F0D}.Debug|x86.ActiveCfg = Debug|Win32
		{3DD1FCB5-ED82-4F24-BD12-9C6FCF1E5F0D}.Debug|x86.Build.0 = Debug|Win32
		{3DD1FCB5-ED82-4F24-BD12-9C6FCF1E5F0D}.Release|Any CPU.ActiveCfg = Release|Win32
		{3DD1FCB5-ED82-4F24-BD12-9C6FCF1E5F0D}.Release|x64.ActiveCfg = Release|x64
		{3DD1FCB5-ED82-4F24-BD12-9C6FCF1E5F0D}.Release|x64.Build.0 = Release|x64
		{3DD1FCB5-ED82-4F24-BD12-9C6FCF1E5F0D}.Release|x86.ActiveCfg = Release|Win32
		{3DD1FCB5-ED82-4F24-BD12-9C6FCF1E5F0D}.Release|x86.Build.0 = Release|Win32
		{C5DB7862-6B60-4F69-B1D2-B736AA47FB2B}.Debug|Any CPU.ActiveCfg = Debug|Win32
		{C5DB7862-6B60-4F69-B1D2-B736AA47FB2B}.Debug|x64.ActiveCfg = Debug|x64
		{C5DB7862-6B60-4F69-B1D2-B736AA47FB2B}.Debug|x64.Build.0 = Debug|x64
		{C5DB7862-6B60-4F69-B1D2-B736AA47FB2B}.Debug|x86.ActiveCfg = Debug|Win32
		{C5DB7862-6B60-4F69-B1D2-B736AA47FB2B}.Debug|x86.Build.0 = Debug|Win32
		{C5DB7862-6B60-4F69-B1D2-B736AA47FB2B}.Release|Any CPU.ActiveCfg = Release|Win32
		{C5DB7862-6B60-4F69-B1D2-B736AA47FB2B}.Release|x64.ActiveCfg = Release|x64
		{C5DB7862-6B60-4F69-B1D2-B736AA47FB2B}.Release|x64.Build.0 = Release|x64
		{C5DB7862-6B60-4F69-B1D2-B736AA47FB2B}.Release|x86.ActiveCfg = Release|Win32
		{C5DB7862-6B60-4F69-B1D2-B736AA47FB2B}.Release|x86.Build.0 = Release|Win32
		{7969B5F8-A570-4594-AF33-155C5CBC0B7E}.Debug|Any CPU.ActiveCfg = Debug|Win32
		{7969B5F8-A570-4594-AF33-155C5CBC0B7E}.Debug|x64.ActiveCfg = Debug|x64
		{7969B5F8-A570-4594-AF33-155C5CBC0B7E}.Debug|x64.Build.0 = Debug|x64
		{7969B5F8-A570-4594-AF33-155C5CBC0B7E}.Debug|x86.ActiveCfg = Debug|Win32
		{7969B5F8-A570-4594-AF33-155C5CBC0B7E}.Debug|x86.Build.0 = Debug|Win32
		{7969B5F8-A570-4594-AF33-155C5CBC0B7E}.Release|Any CPU.ActiveCfg = Release|Win32
		{7969B5F8-A570-4594-AF33-155C5CBC0B7E}.Release|x64.ActiveCfg = Release|x64
		{7969B5F8-A570-4594-AF33-155C5CBC0B7E}.Release|x64.Build.0 = Release|x64
		{7969B5F8-A570-4594-AF33-155C5CBC0B7E}.Release|x86.ActiveCfg = Release|Win32
		{7969B5F8-A570-4594-AF33-155C5CBC0B7E}.Release|x86.Build.0 = Release|Win32
		{3542EC04-9B3E-4828-A29E-7F465CB48F61}.Debug|Any CPU.ActiveCfg = Debug|Win32
		{3542EC04-9B3E-4828-A29E-7F465CB48F61}.Debug|x64.ActiveCfg = Debug|x64
		{3542EC04-9B3E-4828-A29E-7F465CB48F61}.Debug|x64.Build.0 = Debug|x64
		{3542EC04-9B3E-4828-A29E-7F465CB48F61}.Debug|x86.ActiveCfg = Debug|Win32
		{3542EC04-9B3E-4828-A29E-7F465CB48F61}.Debug|x86.Build.0 = Debug|Win32
		{3542EC04-9B3E-4828-A29E-7F465CB48F61}.Release|Any CPU.ActiveCfg = Release|Win32
		{3542EC04-9B3E-4828-A29E-7F465CB48F61}.Release|x64.ActiveCfg = Release|x64
		{3542EC04-9B3E-4828-A29E-7F465CB48F61}.Release|x64.Build.0 = Release|x64
		{3542EC04-9B3E-4828-A29E-7F465CB48F61}.Release|x86.ActiveCfg = Release|Win32
		{3542EC04-9B3E-4828-A29E-7F465CB48F61}.Release|x86.Build.0 = Release|Win32
		{EC5A581D-561C-4E55-B6D2-95EF075DF320}.Debug|Any CPU.ActiveCfg = Debug|Win32
		{EC5A581D-561C-4E55-B6D2-95EF075DF320}.Debug|x64.ActiveCfg = Debug|x64
		{EC5A581D-561C-4E55-B6D2-95EF075DF320}.Debug|x64.Build.0 = Debug|x64
		{EC5A581D-561C-4E55-B6D2-95EF075DF320}.Debug|x86.ActiveCfg = Debug|Win32
		{EC5A581D-561C-4E55-B6D2-95EF075DF320}.Debug|x86.Build.0 = Debug|Win32
		{EC5A581D-561C-4E55-B6D2-95EF075DF320}.Release|Any CPU.ActiveCfg = Release|Win32
		{EC5A581D-561C-4E55-B6D2-95EF075DF320}.Release|x64.ActiveCfg = Release|x64
		{EC5A581D-561C-4E55-B6D2-95EF075DF320}.Release|x64.Build.0 = Release|x64
		{EC5A581D-561C-4E55-B6D2-95EF075DF320}.Release|x86.ActiveCfg = Release|Win32
		{EC5A581D-561C-4E55-B6D2-95EF075DF320}.Release|x86.Build.0 = Release|Win32
		{8790157E-9FD0-48AA-96F0-BED814494B5A}.Debug|Any CPU.ActiveCfg = Debug|Win32
		{8790157E-9FD0-48AA-96F0-BED814494B5A}.Debug|x64.ActiveCfg = Debug|x64
		{8790157E-9FD0-48AA-96F0-BED814494B5A}.Debug|x64.Build.0 = Debug|x64
		{8790157E-9FD0-48AA-96F0-BED814494B5A}.Debug|x86.ActiveCfg = Debug|Win32
		{8790157E-9FD0-48AA-96F0-BED814494B5A}.Debug|x86.Build.0 = Debug|Win32
		{8790157E-9FD0-48AA-96F0-BED814494B5A}.Release|Any CPU.ActiveCfg = Release|Win32
		{8790157E-9FD0-48AA-96F0-BED814494B5A}.Release|x64.ActiveCfg = Release|x64
		{8790157E-9FD0-48AA-96F0-BED814494B5A}.Release|x64.Build.0 = Release|x64
		{8790157E-9FD0-48AA-96F0-BED814494B5A}.Release|x86.ActiveCfg = Release|Win32
		{8790157E-9FD0-48AA-96F0-BED814494B5A}.Release|x86.Build.0 = Release|Win32
		{AA56FA9F-77F1-4448-84F5-5C1331FADBE3}.Debug|Any CPU.ActiveCfg = Debug|Win32
		{AA56FA9F-77F1-4448-84F5-5C1331FADBE3}.Debug|x64.ActiveCfg = Debug|x64
		{AA56FA9F-77F1-4448-84F5-5C1331FADBE3}.Debug|x64.Build.0 = Debug|x64
		{AA56FA9F-77F1-4448-84F5-5C1331FADBE3}.Debug|x86.ActiveCfg = Debug|Win32
		{AA56FA9F-77F1-4448-84F5-5C1331FADBE3}.Debug|x86.Build.0 = Debug|Win32
		{AA56FA9F-77F1-4448-84F5-5C1331FADBE3}.Release|Any CPU.ActiveCfg = Release|Win32
		{AA56FA9F-77F1-4448-84F5-5C1331FADBE3}.Release|x64.ActiveCfg = Release|x64
		{AA56FA9F-77F1-4448-84F5-5C1331FADBE3}.Release|x64.Build.0 = Release|x64
		{AA56FA9F-77F1-4448-84F5-5C1331FADBE3}.Release|x86.ActiveCfg = Release|Win32
		{AA56FA9F-77F1-4448-84F5-5C1331FADBE3}.Release|x86.Build.0 = Release|Win32
		{40E79F4E-98AF-4EE4-A603-7B82DBF6E7EC}.Debug|Any CPU.ActiveCfg = Debug|Win32
		{40E79F4E-98AF-4EE4-A603-7B82DBF6E7EC}.Debug|x64.ActiveCfg = Debug|x64
		{40E79F4E-98AF-4EE4-A603-7B82DBF6E7EC}.Debug|x64.Build.0 = Debug|x64
		{40E79F4E-98AF-4EE4-A603-7B82DBF6E7EC}.Debug|x86.ActiveCfg = Debug|Win32
		{40E79F4E-98AF-4EE4-A603-7B82DBF6E7EC}.Debug|x86.Build.0 = Debug|Win32
		{40E79F4E-98AF-4EE4-A603-7B82DBF6E7EC}.Release|Any CPU.ActiveCfg = Release|Win32
		{40E79F4E-98AF-4EE4-A603-7B82DBF6E7EC}.Release|x64.ActiveCfg = Release|x64
		{40E79F4E-98AF-4EE4-A603-7B82DBF6E7EC}.Release|x64.Build.0 = Release|x64
		{40E79F4E-98AF-4EE4-A603-7B82DBF6E7EC}.Release|x86.ActiveCfg = Release|Win32
		{40E79F4E-98AF-4EE4-A603-7B82DBF6E7EC}.Release|x86.Build.0 = Release|Win32
		{E752816F-8A43-4CB1-9405-DDCB334BF4DE}.Debug|Any CPU.ActiveCfg = Debug|Win32
		{E752816F-8A43-4CB1-9405-DDCB334BF4DE}.Debug|x64.ActiveCfg = Debug|x64
		{E752816F-8A43-4CB1-9405-DDCB334BF4DE}.Debug|x64.Build.0 = Debug|x64
		{E752816F-8A43-4CB1-9405-DDCB334BF4DE}.Debug|x86.ActiveCfg = Debug|Win32
		{E752816F-8A43-4CB1-9405-DDCB334BF4DE}.Debug|x86.Build.0 = Debug|Win32
		{E752816F-8A43-4CB1-9405-DDCB334BF4DE}.Release|Any CPU.ActiveCfg = Release|Win32
		{E752816F-8A43-4CB1-9405-DDCB334BF4DE}.Release|x64.ActiveCfg = Release|x64
		{E752816F-8A43-4CB1-9405-DDCB334BF4DE}.Release|x64.Build.0 = Release|x64
		{E752816F-8A43-4CB1-9405-DDCB334BF4DE}.Release|x86.ActiveCfg = Release|Win32
		{E752816F-8A43-4CB1-9405-DDCB334BF4DE}.Release|x86.Build.0 = Release|Win32
	EndGlobalSection
	GlobalSection(SolutionProperties) = preSolution
		HideSolutionNode = FALSE
	EndGlobalSection
	GlobalSection(ExtensibilityGlobals) = postSolution
		SolutionGuid = {4419F02B-84FA-40B9-8DDF-B042471295EC}
	EndGlobalSection
EndGlobal
